
Microsoft Visual Studio Solution File, Format Version 12.00
# Visual Studio Version 17
VisualStudioVersion = 17.0.31903.59
MinimumVisualStudioVersion = 10.0.40219.1
Project("{2150E333-8FDC-42A3-9474-1A3956D46DE8}") = "src", "src", "{83F679E9-8560-40AC-B691-394A40E618CE}"
EndProject
Project("{2150E333-8FDC-42A3-9474-1A3956D46DE8}") = "Core", "Core", "{41E8C074-8586-4BF1-97D3-1948A46C5884}"
EndProject
Project("{FAE04EC0-301F-11D3-BF4B-00C04F79EFBC}") = "MadameCoco.Shared", "src\Core\MadameCoco.Shared\MadameCoco.Shared.csproj", "{DB7F2E54-14A9-4EB2-8A1C-815FE62AD99C}"
EndProject
Project("{2150E333-8FDC-42A3-9474-1A3956D46DE8}") = "Services", "Services", "{3CDBCE82-298D-4D85-82D3-34DED61806D3}"
EndProject
Project("{FAE04EC0-301F-11D3-BF4B-00C04F79EFBC}") = "MadameCoco.Customer", "src\Services\MadameCoco.Customer\MadameCoco.Customer.csproj", "{792EAB41-818B-472B-9BA0-657E22756E4A}"
EndProject
Project("{FAE04EC0-301F-11D3-BF4B-00C04F79EFBC}") = "MadameCoco.Order", "src\Services\MadameCoco.Order\MadameCoco.Order.csproj", "{E9581322-ED46-4661-8DFA-9EC2C5B6385F}"
EndProject
Project("{FAE04EC0-301F-11D3-BF4B-00C04F79EFBC}") = "MadameCoco.Audit", "src\Services\MadameCoco.Audit\MadameCoco.Audit.csproj", "{D6F05520-C6A2-442F-9E08-6916F951ECF6}"
EndProject
Project("{2150E333-8FDC-42A3-9474-1A3956D46DE8}") = "Gateways", "Gateways", "{5F492694-AF9D-40EF-BB8B-2BD77214B81D}"
EndProject
Project("{FAE04EC0-301F-11D3-BF4B-00C04F79EFBC}") = "MadameCoco.Gateway", "src\Gateways\MadameCoco.Gateway\MadameCoco.Gateway.csproj", "{21221C94-0D28-415C-BDE8-114A25B2F2A2}"
EndProject
Project("{2150E333-8FDC-42A3-9474-1A3956D46DE8}") = "tests", "tests", "{1AA19E0F-3435-493E-9A00-83DC9887C591}"
EndProject
Project("{FAE04EC0-301F-11D3-BF4B-00C04F79EFBC}") = "MadameCoco.Order.Tests", "tests\MadameCoco.Order.Tests\MadameCoco.Order.Tests.csproj", "{32CF4886-836D-4EFD-8440-69D6C23C821D}"
EndProject
Project("{FAE04EC0-301F-11D3-BF4B-00C04F79EFBC}") = "MadameCoco.Order.UnitTests", "tests\MadameCoco.Order.UnitTests\MadameCoco.Order.UnitTests.csproj", "{22B65E09-61CA-43CD-BF36-6AA60B5C6324}"
EndProject
Global
	GlobalSection(SolutionConfigurationPlatforms) = preSolution
		Debug|Any CPU = Debug|Any CPU
		Release|Any CPU = Release|Any CPU
	EndGlobalSection
	GlobalSection(SolutionProperties) = preSolution
		HideSolutionNode = FALSE
	EndGlobalSection
	GlobalSection(ProjectConfigurationPlatforms) = postSolution
		{DB7F2E54-14A9-4EB2-8A1C-815FE62AD99C}.Debug|Any CPU.ActiveCfg = Debug|Any CPU
		{DB7F2E54-14A9-4EB2-8A1C-815FE62AD99C}.Debug|Any CPU.Build.0 = Debug|Any CPU
		{DB7F2E54-14A9-4EB2-8A1C-815FE62AD99C}.Release|Any CPU.ActiveCfg = Release|Any CPU
		{DB7F2E54-14A9-4EB2-8A1C-815FE62AD99C}.Release|Any CPU.Build.0 = Release|Any CPU
		{792EAB41-818B-472B-9BA0-657E22756E4A}.Debug|Any CPU.ActiveCfg = Debug|Any CPU
		{792EAB41-818B-472B-9BA0-657E22756E4A}.Debug|Any CPU.Build.0 = Debug|Any CPU
		{792EAB41-818B-472B-9BA0-657E22756E4A}.Release|Any CPU.ActiveCfg = Release|Any CPU
		{792EAB41-818B-472B-9BA0-657E22756E4A}.Release|Any CPU.Build.0 = Release|Any CPU
		{E9581322-ED46-4661-8DFA-9EC2C5B6385F}.Debug|Any CPU.ActiveCfg = Debug|Any CPU
		{E9581322-ED46-4661-8DFA-9EC2C5B6385F}.Debug|Any CPU.Build.0 = Debug|Any CPU
		{E9581322-ED46-4661-8DFA-9EC2C5B6385F}.Release|Any CPU.ActiveCfg = Release|Any CPU
		{E9581322-ED46-4661-8DFA-9EC2C5B6385F}.Release|Any CPU.Build.0 = Release|Any CPU
		{D6F05520-C6A2-442F-9E08-6916F951ECF6}.Debug|Any CPU.ActiveCfg = Debug|Any CPU
		{D6F05520-C6A2-442F-9E08-6916F951ECF6}.Debug|Any CPU.Build.0 = Debug|Any CPU
		{D6F05520-C6A2-442F-9E08-6916F951ECF6}.Release|Any CPU.ActiveCfg = Release|Any CPU
		{D6F05520-C6A2-442F-9E08-6916F951ECF6}.Release|Any CPU.Build.0 = Release|Any CPU
		{21221C94-0D28-415C-BDE8-114A25B2F2A2}.Debug|Any CPU.ActiveCfg = Debug|Any CPU
		{21221C94-0D28-415C-BDE8-114A25B2F2A2}.Debug|Any CPU.Build.0 = Debug|Any CPU
		{21221C94-0D28-415C-BDE8-114A25B2F2A2}.Release|Any CPU.ActiveCfg = Release|Any CPU
		{21221C94-0D28-415C-BDE8-114A25B2F2A2}.Release|Any CPU.Build.0 = Release|Any CPU
		{32CF4886-836D-4EFD-8440-69D6C23C821D}.Debug|Any CPU.ActiveCfg = Debug|Any CPU
		{32CF4886-836D-4EFD-8440-69D6C23C821D}.Debug|Any CPU.Build.0 = Debug|Any CPU
		{32CF4886-836D-4EFD-8440-69D6C23C821D}.Release|Any CPU.ActiveCfg = Release|Any CPU
		{32CF4886-836D-4EFD-8440-69D6C23C821D}.Release|Any CPU.Build.0 = Release|Any CPU
		{22B65E09-61CA-43CD-BF36-6AA60B5C6324}.Debug|Any CPU.ActiveCfg = Debug|Any CPU
		{22B65E09-61CA-43CD-BF36-6AA60B5C6324}.Debug|Any CPU.Build.0 = Debug|Any CPU
		{22B65E09-61CA-43CD-BF36-6AA60B5C6324}.Release|Any CPU.ActiveCfg = Release|Any CPU
		{22B65E09-61CA-43CD-BF36-6AA60B5C6324}.Release|Any CPU.Build.0 = Release|Any CPU
	EndGlobalSection
	GlobalSection(NestedProjects) = preSolution
		{41E8C074-8586-4BF1-97D3-1948A46C5884} = {83F679E9-8560-40AC-B691-394A40E618CE}
		{DB7F2E54-14A9-4EB2-8A1C-815FE62AD99C} = {41E8C074-8586-4BF1-97D3-1948A46C5884}
		{3CDBCE82-298D-4D85-82D3-34DED61806D3} = {83F679E9-8560-40AC-B691-394A40E618CE}
		{792EAB41-818B-472B-9BA0-657E22756E4A} = {3CDBCE82-298D-4D85-82D3-34DED61806D3}
		{E9581322-ED46-4661-8DFA-9EC2C5B6385F} = {3CDBCE82-298D-4D85-82D3-34DED61806D3}
		{D6F05520-C6A2-442F-9E08-6916F951ECF6} = {3CDBCE82-298D-4D85-82D3-34DED61806D3}
		{5F492694-AF9D-40EF-BB8B-2BD77214B81D} = {83F679E9-8560-40AC-B691-394A40E618CE}
		{21221C94-0D28-415C-BDE8-114A25B2F2A2} = {5F492694-AF9D-40EF-BB8B-2BD77214B81D}
		{32CF4886-836D-4EFD-8440-69D6C23C821D} = {1AA19E0F-3435-493E-9A00-83DC9887C591}
		{22B65E09-61CA-43CD-BF36-6AA60B5C6324} = {1AA19E0F-3435-493E-9A00-83DC9887C591}
	EndGlobalSection
EndGlobal
